// !$*UTF8*$!
{
	archiveVersion = 1;
	classes = {
	};
	objectVersion = 50;
	objects = {

/* Begin PBXBuildFile section */
		52042DF6241F8B4900945FD2 /* ObjectCreationViewCell.swift in Sources */ = {isa = PBXBuildFile; fileRef = 52042DF5241F8B4900945FD2 /* ObjectCreationViewCell.swift */; };
		522294172431EF7300EF1908 /* PresentationObjectsInformation.swift in Sources */ = {isa = PBXBuildFile; fileRef = 522294162431EF7300EF1908 /* PresentationObjectsInformation.swift */; };
		52229419243216D300EF1908 /* ObjectsReviewHeaderCell.swift in Sources */ = {isa = PBXBuildFile; fileRef = 52229418243216D300EF1908 /* ObjectsReviewHeaderCell.swift */; };
		522717F52420E06500DF1AAA /* ObjectEditingModel.swift in Sources */ = {isa = PBXBuildFile; fileRef = 522717F42420E06500DF1AAA /* ObjectEditingModel.swift */; };
		522717F72420E08200DF1AAA /* ObjectEditingModelAssembly.swift in Sources */ = {isa = PBXBuildFile; fileRef = 522717F62420E08200DF1AAA /* ObjectEditingModelAssembly.swift */; };
		522717F92420E0C400DF1AAA /* ObjectEditingViewController.swift in Sources */ = {isa = PBXBuildFile; fileRef = 522717F82420E0C400DF1AAA /* ObjectEditingViewController.swift */; };
		522717FB2420E10900DF1AAA /* ObjectEditingViewControllerAssembly.swift in Sources */ = {isa = PBXBuildFile; fileRef = 522717FA2420E10900DF1AAA /* ObjectEditingViewControllerAssembly.swift */; };
		522717FD2420EEE100DF1AAA /* ObjectEditingViewCell.swift in Sources */ = {isa = PBXBuildFile; fileRef = 522717FC2420EEE100DF1AAA /* ObjectEditingViewCell.swift */; };
		5234F3432411818200874EC9 /* ObjectsListModel.swift in Sources */ = {isa = PBXBuildFile; fileRef = 5234F3422411818200874EC9 /* ObjectsListModel.swift */; };
		5234F3452411819B00874EC9 /* ObjectsListModelAssembly.swift in Sources */ = {isa = PBXBuildFile; fileRef = 5234F3442411819B00874EC9 /* ObjectsListModelAssembly.swift */; };
		5234F3472411823E00874EC9 /* ObjectsListViewController.swift in Sources */ = {isa = PBXBuildFile; fileRef = 5234F3462411823E00874EC9 /* ObjectsListViewController.swift */; };
		5234F3492411825B00874EC9 /* ObjectsListViewControllerAssembly.swift in Sources */ = {isa = PBXBuildFile; fileRef = 5234F3482411825B00874EC9 /* ObjectsListViewControllerAssembly.swift */; };
		5234F34C2411845200874EC9 /* Storage.swift in Sources */ = {isa = PBXBuildFile; fileRef = 5234F34B2411845200874EC9 /* Storage.swift */; };
		5234F34E2411846300874EC9 /* StorageAssembly.swift in Sources */ = {isa = PBXBuildFile; fileRef = 5234F34D2411846300874EC9 /* StorageAssembly.swift */; };
		5234F3502411881000874EC9 /* PresentationObjectForList.swift in Sources */ = {isa = PBXBuildFile; fileRef = 5234F34F2411881000874EC9 /* PresentationObjectForList.swift */; };
		5234F35224118AB200874EC9 /* StorageObject.swift in Sources */ = {isa = PBXBuildFile; fileRef = 5234F35124118AB200874EC9 /* StorageObject.swift */; };
		5234F354241196F500874EC9 /* ObjectsListCell.swift in Sources */ = {isa = PBXBuildFile; fileRef = 5234F353241196F500874EC9 /* ObjectsListCell.swift */; };
		523A81162417D56000430D04 /* ContainerRouter.swift in Sources */ = {isa = PBXBuildFile; fileRef = 523A81152417D56000430D04 /* ContainerRouter.swift */; };
		523A81192417DD4700430D04 /* ObjectsListRouter.swift in Sources */ = {isa = PBXBuildFile; fileRef = 523A81182417DD4700430D04 /* ObjectsListRouter.swift */; };
		5244479724314C6B00C991A3 /* ObjectsReview.storyboard in Resources */ = {isa = PBXBuildFile; fileRef = 5244479624314C6B00C991A3 /* ObjectsReview.storyboard */; };
		5263601C2409332800BDDA1A /* MenuOption.swift in Sources */ = {isa = PBXBuildFile; fileRef = 5263601B2409332800BDDA1A /* MenuOption.swift */; };
		5267AC58242A4A7B0043BB6C /* ObjectsReviewViewController.swift in Sources */ = {isa = PBXBuildFile; fileRef = 5267AC57242A4A7B0043BB6C /* ObjectsReviewViewController.swift */; };
		5267AC5A242A4A910043BB6C /* ObjectsReviewViewControllerAssembly.swift in Sources */ = {isa = PBXBuildFile; fileRef = 5267AC59242A4A910043BB6C /* ObjectsReviewViewControllerAssembly.swift */; };
		5267AC5C242A4AA80043BB6C /* ObjectsReviewModel.swift in Sources */ = {isa = PBXBuildFile; fileRef = 5267AC5B242A4AA80043BB6C /* ObjectsReviewModel.swift */; };
		5267AC5E242A4AB60043BB6C /* ObjectsReviewModelAssembly.swift in Sources */ = {isa = PBXBuildFile; fileRef = 5267AC5D242A4AB60043BB6C /* ObjectsReviewModelAssembly.swift */; };
		5267AC60242A4AF90043BB6C /* ObjectsReviewRouter.swift in Sources */ = {isa = PBXBuildFile; fileRef = 5267AC5F242A4AF90043BB6C /* ObjectsReviewRouter.swift */; };
		526FC06924312E4700CB93BD /* ObjectsReviewCell.swift in Sources */ = {isa = PBXBuildFile; fileRef = 526FC06824312E4700CB93BD /* ObjectsReviewCell.swift */; };
		52710094242FDE1100F04D5B /* LoginViewControllerAssembly.swift in Sources */ = {isa = PBXBuildFile; fileRef = 52710093242FDE1100F04D5B /* LoginViewControllerAssembly.swift */; };
		52710096242FDE2700F04D5B /* LoginRouter.swift in Sources */ = {isa = PBXBuildFile; fileRef = 52710095242FDE2700F04D5B /* LoginRouter.swift */; };
		527A5E0D24066E61004AB058 /* AppDelegate.swift in Sources */ = {isa = PBXBuildFile; fileRef = 527A5E0C24066E61004AB058 /* AppDelegate.swift */; };
		527A5E0F24066E61004AB058 /* SceneDelegate.swift in Sources */ = {isa = PBXBuildFile; fileRef = 527A5E0E24066E61004AB058 /* SceneDelegate.swift */; };
		527A5E1424066E61004AB058 /* Main.storyboard in Resources */ = {isa = PBXBuildFile; fileRef = 527A5E1224066E61004AB058 /* Main.storyboard */; };
		527A5E1624066E61004AB058 /* Assets.xcassets in Resources */ = {isa = PBXBuildFile; fileRef = 527A5E1524066E61004AB058 /* Assets.xcassets */; };
		527A5E1924066E61004AB058 /* LaunchScreen.storyboard in Resources */ = {isa = PBXBuildFile; fileRef = 527A5E1724066E61004AB058 /* LaunchScreen.storyboard */; };
		527A5E2424066E61004AB058 /* AVSOFTTests.swift in Sources */ = {isa = PBXBuildFile; fileRef = 527A5E2324066E61004AB058 /* AVSOFTTests.swift */; };
		527A5E2F24066FA7004AB058 /* LoginViewController.swift in Sources */ = {isa = PBXBuildFile; fileRef = 527A5E2E24066FA7004AB058 /* LoginViewController.swift */; };
		527A5E312406DEEC004AB058 /* HomeViewController.swift in Sources */ = {isa = PBXBuildFile; fileRef = 527A5E302406DEEC004AB058 /* HomeViewController.swift */; };
		527A5E332406DFAB004AB058 /* ContainerViewController.swift in Sources */ = {isa = PBXBuildFile; fileRef = 527A5E322406DFAB004AB058 /* ContainerViewController.swift */; };
		527A5E352406DFC5004AB058 /* MenuViewController.swift in Sources */ = {isa = PBXBuildFile; fileRef = 527A5E342406DFC5004AB058 /* MenuViewController.swift */; };
		527B1DFE24422E5F00EB3BEF /* AttributeAddingViewCell.swift in Sources */ = {isa = PBXBuildFile; fileRef = 527B1DFD24422E5F00EB3BEF /* AttributeAddingViewCell.swift */; };
		52CF2A32241FBCAF0079D082 /* PresentationObjectForCreation.swift in Sources */ = {isa = PBXBuildFile; fileRef = 52CF2A31241FBCAF0079D082 /* PresentationObjectForCreation.swift */; };
		52D5FF032409194E001B570B /* MenuTableCell.swift in Sources */ = {isa = PBXBuildFile; fileRef = 52D5FF022409194E001B570B /* MenuTableCell.swift */; };
		52D8DCD724407C8C002EE386 /* SecurityInfoList.xcdatamodeld in Sources */ = {isa = PBXBuildFile; fileRef = 52D8DCD524407C8C002EE386 /* SecurityInfoList.xcdatamodeld */; };
		52D8DCDA24407DFB002EE386 /* AuthenticationService.swift in Sources */ = {isa = PBXBuildFile; fileRef = 52D8DCD924407DFB002EE386 /* AuthenticationService.swift */; };
		52D8DCDC24407E0A002EE386 /* AuthenticationServiceAssembly.swift in Sources */ = {isa = PBXBuildFile; fileRef = 52D8DCDB24407E0A002EE386 /* AuthenticationServiceAssembly.swift */; };
		52D8DCE02440A29C002EE386 /* SignUpViewController.swift in Sources */ = {isa = PBXBuildFile; fileRef = 52D8DCDF2440A29C002EE386 /* SignUpViewController.swift */; };
		52D8DCE22440A2B1002EE386 /* SignUpViewControllerAssembly.swift in Sources */ = {isa = PBXBuildFile; fileRef = 52D8DCE12440A2B1002EE386 /* SignUpViewControllerAssembly.swift */; };
		52D8DCE42440A461002EE386 /* SignUp.storyboard in Resources */ = {isa = PBXBuildFile; fileRef = 52D8DCE32440A461002EE386 /* SignUp.storyboard */; };
		52E1FD7D243C831B00665845 /* TopView.swift in Sources */ = {isa = PBXBuildFile; fileRef = 52E1FD7C243C831B00665845 /* TopView.swift */; };
		52EC04D12412673700D2C65A /* ContainerViewControllerAssembly.swift in Sources */ = {isa = PBXBuildFile; fileRef = 52EC04D02412673700D2C65A /* ContainerViewControllerAssembly.swift */; };
		52EC04D324126AAA00D2C65A /* HomeViewControllerAssembly.swift in Sources */ = {isa = PBXBuildFile; fileRef = 52EC04D224126AAA00D2C65A /* HomeViewControllerAssembly.swift */; };
		52EC04D524126B1400D2C65A /* MenuViewControllerAssembly.swift in Sources */ = {isa = PBXBuildFile; fileRef = 52EC04D424126B1400D2C65A /* MenuViewControllerAssembly.swift */; };
		52EC04DB241286B300D2C65A /* ObjectCreationModel.swift in Sources */ = {isa = PBXBuildFile; fileRef = 52EC04DA241286B300D2C65A /* ObjectCreationModel.swift */; };
		52EC04DD241286D300D2C65A /* ObjectCreationModelAssembly.swift in Sources */ = {isa = PBXBuildFile; fileRef = 52EC04DC241286D300D2C65A /* ObjectCreationModelAssembly.swift */; };
		52EC04DF2412874300D2C65A /* ObjectCreationViewController.swift in Sources */ = {isa = PBXBuildFile; fileRef = 52EC04DE2412874300D2C65A /* ObjectCreationViewController.swift */; };
		52EC04E12412876C00D2C65A /* ObjectCreationViewControllerAssembly.swift in Sources */ = {isa = PBXBuildFile; fileRef = 52EC04E02412876C00D2C65A /* ObjectCreationViewControllerAssembly.swift */; };
/* End PBXBuildFile section */

/* Begin PBXContainerItemProxy section */
		527A5E2024066E61004AB058 /* PBXContainerItemProxy */ = {
			isa = PBXContainerItemProxy;
			containerPortal = 527A5E0124066E61004AB058 /* Project object */;
			proxyType = 1;
			remoteGlobalIDString = 527A5E0824066E61004AB058;
			remoteInfo = AVSOFT;
		};
/* End PBXContainerItemProxy section */

/* Begin PBXFileReference section */
		52042DF5241F8B4900945FD2 /* ObjectCreationViewCell.swift */ = {isa = PBXFileReference; lastKnownFileType = sourcecode.swift; path = ObjectCreationViewCell.swift; sourceTree = "<group>"; };
		522294162431EF7300EF1908 /* PresentationObjectsInformation.swift */ = {isa = PBXFileReference; lastKnownFileType = sourcecode.swift; path = PresentationObjectsInformation.swift; sourceTree = "<group>"; };
		52229418243216D300EF1908 /* ObjectsReviewHeaderCell.swift */ = {isa = PBXFileReference; lastKnownFileType = sourcecode.swift; path = ObjectsReviewHeaderCell.swift; sourceTree = "<group>"; };
		522717F42420E06500DF1AAA /* ObjectEditingModel.swift */ = {isa = PBXFileReference; lastKnownFileType = sourcecode.swift; path = ObjectEditingModel.swift; sourceTree = "<group>"; };
		522717F62420E08200DF1AAA /* ObjectEditingModelAssembly.swift */ = {isa = PBXFileReference; lastKnownFileType = sourcecode.swift; path = ObjectEditingModelAssembly.swift; sourceTree = "<group>"; };
		522717F82420E0C400DF1AAA /* ObjectEditingViewController.swift */ = {isa = PBXFileReference; lastKnownFileType = sourcecode.swift; path = ObjectEditingViewController.swift; sourceTree = "<group>"; };
		522717FA2420E10900DF1AAA /* ObjectEditingViewControllerAssembly.swift */ = {isa = PBXFileReference; lastKnownFileType = sourcecode.swift; path = ObjectEditingViewControllerAssembly.swift; sourceTree = "<group>"; };
		522717FC2420EEE100DF1AAA /* ObjectEditingViewCell.swift */ = {isa = PBXFileReference; lastKnownFileType = sourcecode.swift; path = ObjectEditingViewCell.swift; sourceTree = "<group>"; };
		5234F3422411818200874EC9 /* ObjectsListModel.swift */ = {isa = PBXFileReference; lastKnownFileType = sourcecode.swift; path = ObjectsListModel.swift; sourceTree = "<group>"; };
		5234F3442411819B00874EC9 /* ObjectsListModelAssembly.swift */ = {isa = PBXFileReference; lastKnownFileType = sourcecode.swift; path = ObjectsListModelAssembly.swift; sourceTree = "<group>"; };
		5234F3462411823E00874EC9 /* ObjectsListViewController.swift */ = {isa = PBXFileReference; lastKnownFileType = sourcecode.swift; path = ObjectsListViewController.swift; sourceTree = "<group>"; };
		5234F3482411825B00874EC9 /* ObjectsListViewControllerAssembly.swift */ = {isa = PBXFileReference; lastKnownFileType = sourcecode.swift; path = ObjectsListViewControllerAssembly.swift; sourceTree = "<group>"; };
		5234F34B2411845200874EC9 /* Storage.swift */ = {isa = PBXFileReference; lastKnownFileType = sourcecode.swift; path = Storage.swift; sourceTree = "<group>"; };
		5234F34D2411846300874EC9 /* StorageAssembly.swift */ = {isa = PBXFileReference; lastKnownFileType = sourcecode.swift; path = StorageAssembly.swift; sourceTree = "<group>"; };
		5234F34F2411881000874EC9 /* PresentationObjectForList.swift */ = {isa = PBXFileReference; lastKnownFileType = sourcecode.swift; path = PresentationObjectForList.swift; sourceTree = "<group>"; };
		5234F35124118AB200874EC9 /* StorageObject.swift */ = {isa = PBXFileReference; lastKnownFileType = sourcecode.swift; path = StorageObject.swift; sourceTree = "<group>"; };
		5234F353241196F500874EC9 /* ObjectsListCell.swift */ = {isa = PBXFileReference; lastKnownFileType = sourcecode.swift; path = ObjectsListCell.swift; sourceTree = "<group>"; };
		523A81152417D56000430D04 /* ContainerRouter.swift */ = {isa = PBXFileReference; lastKnownFileType = sourcecode.swift; path = ContainerRouter.swift; sourceTree = "<group>"; };
		523A81182417DD4700430D04 /* ObjectsListRouter.swift */ = {isa = PBXFileReference; lastKnownFileType = sourcecode.swift; path = ObjectsListRouter.swift; sourceTree = "<group>"; };
		5244479624314C6B00C991A3 /* ObjectsReview.storyboard */ = {isa = PBXFileReference; lastKnownFileType = file.storyboard; path = ObjectsReview.storyboard; sourceTree = "<group>"; };
		5263601B2409332800BDDA1A /* MenuOption.swift */ = {isa = PBXFileReference; lastKnownFileType = sourcecode.swift; path = MenuOption.swift; sourceTree = "<group>"; };
		5267AC57242A4A7B0043BB6C /* ObjectsReviewViewController.swift */ = {isa = PBXFileReference; lastKnownFileType = sourcecode.swift; path = ObjectsReviewViewController.swift; sourceTree = "<group>"; };
		5267AC59242A4A910043BB6C /* ObjectsReviewViewControllerAssembly.swift */ = {isa = PBXFileReference; lastKnownFileType = sourcecode.swift; path = ObjectsReviewViewControllerAssembly.swift; sourceTree = "<group>"; };
		5267AC5B242A4AA80043BB6C /* ObjectsReviewModel.swift */ = {isa = PBXFileReference; lastKnownFileType = sourcecode.swift; path = ObjectsReviewModel.swift; sourceTree = "<group>"; };
		5267AC5D242A4AB60043BB6C /* ObjectsReviewModelAssembly.swift */ = {isa = PBXFileReference; lastKnownFileType = sourcecode.swift; path = ObjectsReviewModelAssembly.swift; sourceTree = "<group>"; };
		5267AC5F242A4AF90043BB6C /* ObjectsReviewRouter.swift */ = {isa = PBXFileReference; lastKnownFileType = sourcecode.swift; path = ObjectsReviewRouter.swift; sourceTree = "<group>"; };
		526FC06824312E4700CB93BD /* ObjectsReviewCell.swift */ = {isa = PBXFileReference; lastKnownFileType = sourcecode.swift; path = ObjectsReviewCell.swift; sourceTree = "<group>"; };
		52710093242FDE1100F04D5B /* LoginViewControllerAssembly.swift */ = {isa = PBXFileReference; lastKnownFileType = sourcecode.swift; path = LoginViewControllerAssembly.swift; sourceTree = "<group>"; };
		52710095242FDE2700F04D5B /* LoginRouter.swift */ = {isa = PBXFileReference; lastKnownFileType = sourcecode.swift; path = LoginRouter.swift; sourceTree = "<group>"; };
		527A5E0924066E61004AB058 /* AVSOFT.app */ = {isa = PBXFileReference; explicitFileType = wrapper.application; includeInIndex = 0; path = AVSOFT.app; sourceTree = BUILT_PRODUCTS_DIR; };
		527A5E0C24066E61004AB058 /* AppDelegate.swift */ = {isa = PBXFileReference; lastKnownFileType = sourcecode.swift; path = AppDelegate.swift; sourceTree = "<group>"; };
		527A5E0E24066E61004AB058 /* SceneDelegate.swift */ = {isa = PBXFileReference; lastKnownFileType = sourcecode.swift; path = SceneDelegate.swift; sourceTree = "<group>"; };
		527A5E1324066E61004AB058 /* Base */ = {isa = PBXFileReference; lastKnownFileType = file.storyboard; name = Base; path = Base.lproj/Main.storyboard; sourceTree = "<group>"; };
		527A5E1524066E61004AB058 /* Assets.xcassets */ = {isa = PBXFileReference; lastKnownFileType = folder.assetcatalog; path = Assets.xcassets; sourceTree = "<group>"; };
		527A5E1824066E61004AB058 /* Base */ = {isa = PBXFileReference; lastKnownFileType = file.storyboard; name = Base; path = Base.lproj/LaunchScreen.storyboard; sourceTree = "<group>"; };
		527A5E1A24066E61004AB058 /* Info.plist */ = {isa = PBXFileReference; lastKnownFileType = text.plist.xml; path = Info.plist; sourceTree = "<group>"; };
		527A5E1F24066E61004AB058 /* AVSOFTTests.xctest */ = {isa = PBXFileReference; explicitFileType = wrapper.cfbundle; includeInIndex = 0; path = AVSOFTTests.xctest; sourceTree = BUILT_PRODUCTS_DIR; };
		527A5E2324066E61004AB058 /* AVSOFTTests.swift */ = {isa = PBXFileReference; lastKnownFileType = sourcecode.swift; path = AVSOFTTests.swift; sourceTree = "<group>"; };
		527A5E2524066E61004AB058 /* Info.plist */ = {isa = PBXFileReference; lastKnownFileType = text.plist.xml; path = Info.plist; sourceTree = "<group>"; };
		527A5E2E24066FA7004AB058 /* LoginViewController.swift */ = {isa = PBXFileReference; lastKnownFileType = sourcecode.swift; path = LoginViewController.swift; sourceTree = "<group>"; };
		527A5E302406DEEC004AB058 /* HomeViewController.swift */ = {isa = PBXFileReference; lastKnownFileType = sourcecode.swift; path = HomeViewController.swift; sourceTree = "<group>"; };
		527A5E322406DFAB004AB058 /* ContainerViewController.swift */ = {isa = PBXFileReference; lastKnownFileType = sourcecode.swift; path = ContainerViewController.swift; sourceTree = "<group>"; };
		527A5E342406DFC5004AB058 /* MenuViewController.swift */ = {isa = PBXFileReference; lastKnownFileType = sourcecode.swift; path = MenuViewController.swift; sourceTree = "<group>"; };
		527B1DFD24422E5F00EB3BEF /* AttributeAddingViewCell.swift */ = {isa = PBXFileReference; lastKnownFileType = sourcecode.swift; path = AttributeAddingViewCell.swift; sourceTree = "<group>"; };
		52CF2A31241FBCAF0079D082 /* PresentationObjectForCreation.swift */ = {isa = PBXFileReference; lastKnownFileType = sourcecode.swift; path = PresentationObjectForCreation.swift; sourceTree = "<group>"; };
		52D5FF022409194E001B570B /* MenuTableCell.swift */ = {isa = PBXFileReference; lastKnownFileType = sourcecode.swift; path = MenuTableCell.swift; sourceTree = "<group>"; };
		52D8DCD624407C8C002EE386 /* SecurityInfoList.xcdatamodel */ = {isa = PBXFileReference; lastKnownFileType = wrapper.xcdatamodel; path = SecurityInfoList.xcdatamodel; sourceTree = "<group>"; };
		52D8DCD924407DFB002EE386 /* AuthenticationService.swift */ = {isa = PBXFileReference; lastKnownFileType = sourcecode.swift; path = AuthenticationService.swift; sourceTree = "<group>"; };
		52D8DCDB24407E0A002EE386 /* AuthenticationServiceAssembly.swift */ = {isa = PBXFileReference; lastKnownFileType = sourcecode.swift; path = AuthenticationServiceAssembly.swift; sourceTree = "<group>"; };
		52D8DCDF2440A29C002EE386 /* SignUpViewController.swift */ = {isa = PBXFileReference; lastKnownFileType = sourcecode.swift; path = SignUpViewController.swift; sourceTree = "<group>"; };
		52D8DCE12440A2B1002EE386 /* SignUpViewControllerAssembly.swift */ = {isa = PBXFileReference; lastKnownFileType = sourcecode.swift; path = SignUpViewControllerAssembly.swift; sourceTree = "<group>"; };
		52D8DCE32440A461002EE386 /* SignUp.storyboard */ = {isa = PBXFileReference; lastKnownFileType = file.storyboard; path = SignUp.storyboard; sourceTree = "<group>"; };
		52E1FD7C243C831B00665845 /* TopView.swift */ = {isa = PBXFileReference; lastKnownFileType = sourcecode.swift; path = TopView.swift; sourceTree = "<group>"; };
		52EC04D02412673700D2C65A /* ContainerViewControllerAssembly.swift */ = {isa = PBXFileReference; lastKnownFileType = sourcecode.swift; path = ContainerViewControllerAssembly.swift; sourceTree = "<group>"; };
		52EC04D224126AAA00D2C65A /* HomeViewControllerAssembly.swift */ = {isa = PBXFileReference; lastKnownFileType = sourcecode.swift; path = HomeViewControllerAssembly.swift; sourceTree = "<group>"; };
		52EC04D424126B1400D2C65A /* MenuViewControllerAssembly.swift */ = {isa = PBXFileReference; lastKnownFileType = sourcecode.swift; path = MenuViewControllerAssembly.swift; sourceTree = "<group>"; };
		52EC04DA241286B300D2C65A /* ObjectCreationModel.swift */ = {isa = PBXFileReference; lastKnownFileType = sourcecode.swift; path = ObjectCreationModel.swift; sourceTree = "<group>"; };
		52EC04DC241286D300D2C65A /* ObjectCreationModelAssembly.swift */ = {isa = PBXFileReference; lastKnownFileType = sourcecode.swift; path = ObjectCreationModelAssembly.swift; sourceTree = "<group>"; };
		52EC04DE2412874300D2C65A /* ObjectCreationViewController.swift */ = {isa = PBXFileReference; lastKnownFileType = sourcecode.swift; path = ObjectCreationViewController.swift; sourceTree = "<group>"; };
		52EC04E02412876C00D2C65A /* ObjectCreationViewControllerAssembly.swift */ = {isa = PBXFileReference; lastKnownFileType = sourcecode.swift; path = ObjectCreationViewControllerAssembly.swift; sourceTree = "<group>"; };
/* End PBXFileReference section */

/* Begin PBXFrameworksBuildPhase section */
		527A5E0624066E61004AB058 /* Frameworks */ = {
			isa = PBXFrameworksBuildPhase;
			buildActionMask = 2147483647;
			files = (
			);
			runOnlyForDeploymentPostprocessing = 0;
		};
		527A5E1C24066E61004AB058 /* Frameworks */ = {
			isa = PBXFrameworksBuildPhase;
			buildActionMask = 2147483647;
			files = (
			);
			runOnlyForDeploymentPostprocessing = 0;
		};
/* End PBXFrameworksBuildPhase section */

/* Begin PBXGroup section */
		522717F02420DE1D00DF1AAA /* ObjectEditingModule */ = {
			isa = PBXGroup;
			children = (
				522717F22420E00800DF1AAA /* Model */,
				522717F12420DF7E00DF1AAA /* Controller */,
			);
			path = ObjectEditingModule;
			sourceTree = "<group>";
		};
		522717F12420DF7E00DF1AAA /* Controller */ = {
			isa = PBXGroup;
			children = (
				522717F82420E0C400DF1AAA /* ObjectEditingViewController.swift */,
				522717FC2420EEE100DF1AAA /* ObjectEditingViewCell.swift */,
				522717FA2420E10900DF1AAA /* ObjectEditingViewControllerAssembly.swift */,
			);
			path = Controller;
			sourceTree = "<group>";
		};
		522717F22420E00800DF1AAA /* Model */ = {
			isa = PBXGroup;
			children = (
				522717F42420E06500DF1AAA /* ObjectEditingModel.swift */,
				522717F62420E08200DF1AAA /* ObjectEditingModelAssembly.swift */,
			);
			path = Model;
			sourceTree = "<group>";
		};
		5234F33F241180D700874EC9 /* ObjectsListModule */ = {
			isa = PBXGroup;
			children = (
				523A81172417DC5C00430D04 /* Router */,
				5234F3412411813F00874EC9 /* Model */,
				5234F3402411813800874EC9 /* Controller */,
			);
			path = ObjectsListModule;
			sourceTree = "<group>";
		};
		5234F3402411813800874EC9 /* Controller */ = {
			isa = PBXGroup;
			children = (
				5234F353241196F500874EC9 /* ObjectsListCell.swift */,
				5234F3462411823E00874EC9 /* ObjectsListViewController.swift */,
				5234F3482411825B00874EC9 /* ObjectsListViewControllerAssembly.swift */,
			);
			path = Controller;
			sourceTree = "<group>";
		};
		5234F3412411813F00874EC9 /* Model */ = {
			isa = PBXGroup;
			children = (
				5234F3422411818200874EC9 /* ObjectsListModel.swift */,
				5234F3442411819B00874EC9 /* ObjectsListModelAssembly.swift */,
				5234F34F2411881000874EC9 /* PresentationObjectForList.swift */,
			);
			path = Model;
			sourceTree = "<group>";
		};
		5234F34A241183E900874EC9 /* Storage */ = {
			isa = PBXGroup;
			children = (
				5234F34B2411845200874EC9 /* Storage.swift */,
				5234F35124118AB200874EC9 /* StorageObject.swift */,
				5234F34D2411846300874EC9 /* StorageAssembly.swift */,
			);
			path = Storage;
			sourceTree = "<group>";
		};
		523A81122417C94E00430D04 /* ContainerModule */ = {
			isa = PBXGroup;
			children = (
				523A811C2417E96F00430D04 /* Router */,
				523A81132417C9A300430D04 /* Controller */,
			);
			path = ContainerModule;
			sourceTree = "<group>";
		};
		523A81132417C9A300430D04 /* Controller */ = {
			isa = PBXGroup;
			children = (
				527A5E322406DFAB004AB058 /* ContainerViewController.swift */,
				52EC04D02412673700D2C65A /* ContainerViewControllerAssembly.swift */,
			);
			path = Controller;
			sourceTree = "<group>";
		};
		523A81172417DC5C00430D04 /* Router */ = {
			isa = PBXGroup;
			children = (
				523A81182417DD4700430D04 /* ObjectsListRouter.swift */,
			);
			path = Router;
			sourceTree = "<group>";
		};
		523A811A2417E8DE00430D04 /* HomeModule */ = {
			isa = PBXGroup;
			children = (
				523A811B2417E90700430D04 /* Controller */,
			);
			path = HomeModule;
			sourceTree = "<group>";
		};
		523A811B2417E90700430D04 /* Controller */ = {
			isa = PBXGroup;
			children = (
				527A5E302406DEEC004AB058 /* HomeViewController.swift */,
				52EC04D224126AAA00D2C65A /* HomeViewControllerAssembly.swift */,
			);
			path = Controller;
			sourceTree = "<group>";
		};
		523A811C2417E96F00430D04 /* Router */ = {
			isa = PBXGroup;
			children = (
				523A81152417D56000430D04 /* ContainerRouter.swift */,
			);
			path = Router;
			sourceTree = "<group>";
		};
		525370BF240D0980006E8BF2 /* MenuModule */ = {
			isa = PBXGroup;
			children = (
				525370C0240D0A54006E8BF2 /* Controller */,
				525370C1240D0A6D006E8BF2 /* Model */,
			);
			path = MenuModule;
			sourceTree = "<group>";
		};
		525370C0240D0A54006E8BF2 /* Controller */ = {
			isa = PBXGroup;
			children = (
				527A5E342406DFC5004AB058 /* MenuViewController.swift */,
				52EC04D424126B1400D2C65A /* MenuViewControllerAssembly.swift */,
				52D5FF022409194E001B570B /* MenuTableCell.swift */,
			);
			path = Controller;
			sourceTree = "<group>";
		};
		525370C1240D0A6D006E8BF2 /* Model */ = {
			isa = PBXGroup;
			children = (
				5263601B2409332800BDDA1A /* MenuOption.swift */,
			);
			path = Model;
			sourceTree = "<group>";
		};
		5267AC53242A49920043BB6C /* ObjectsReviewModule */ = {
			isa = PBXGroup;
			children = (
				5267AC56242A49EB0043BB6C /* Router */,
				5267AC55242A49E60043BB6C /* Model */,
				5267AC54242A49DD0043BB6C /* Controller */,
			);
			path = ObjectsReviewModule;
			sourceTree = "<group>";
		};
		5267AC54242A49DD0043BB6C /* Controller */ = {
			isa = PBXGroup;
			children = (
				5267AC57242A4A7B0043BB6C /* ObjectsReviewViewController.swift */,
				5267AC59242A4A910043BB6C /* ObjectsReviewViewControllerAssembly.swift */,
				526FC06824312E4700CB93BD /* ObjectsReviewCell.swift */,
				52229418243216D300EF1908 /* ObjectsReviewHeaderCell.swift */,
				5244479624314C6B00C991A3 /* ObjectsReview.storyboard */,
			);
			path = Controller;
			sourceTree = "<group>";
		};
		5267AC55242A49E60043BB6C /* Model */ = {
			isa = PBXGroup;
			children = (
				5267AC5B242A4AA80043BB6C /* ObjectsReviewModel.swift */,
				5267AC5D242A4AB60043BB6C /* ObjectsReviewModelAssembly.swift */,
				522294162431EF7300EF1908 /* PresentationObjectsInformation.swift */,
			);
			path = Model;
			sourceTree = "<group>";
		};
		5267AC56242A49EB0043BB6C /* Router */ = {
			isa = PBXGroup;
			children = (
				5267AC5F242A4AF90043BB6C /* ObjectsReviewRouter.swift */,
			);
			path = Router;
			sourceTree = "<group>";
		};
		5271008F242FDDBA00F04D5B /* LoginModule */ = {
			isa = PBXGroup;
			children = (
				52710092242FDDEA00F04D5B /* Router */,
				52710091242FDDE200F04D5B /* Controller */,
				52E1FD7C243C831B00665845 /* TopView.swift */,
			);
			path = LoginModule;
			sourceTree = "<group>";
		};
		52710091242FDDE200F04D5B /* Controller */ = {
			isa = PBXGroup;
			children = (
				527A5E2E24066FA7004AB058 /* LoginViewController.swift */,
				52710093242FDE1100F04D5B /* LoginViewControllerAssembly.swift */,
			);
			path = Controller;
			sourceTree = "<group>";
		};
		52710092242FDDEA00F04D5B /* Router */ = {
			isa = PBXGroup;
			children = (
				52710095242FDE2700F04D5B /* LoginRouter.swift */,
			);
			path = Router;
			sourceTree = "<group>";
		};
		527A5E0024066E61004AB058 = {
			isa = PBXGroup;
			children = (
				527A5E0B24066E61004AB058 /* AVSOFT */,
				527A5E2224066E61004AB058 /* AVSOFTTests */,
				527A5E0A24066E61004AB058 /* Products */,
			);
			sourceTree = "<group>";
		};
		527A5E0A24066E61004AB058 /* Products */ = {
			isa = PBXGroup;
			children = (
				527A5E0924066E61004AB058 /* AVSOFT.app */,
				527A5E1F24066E61004AB058 /* AVSOFTTests.xctest */,
			);
			name = Products;
			sourceTree = "<group>";
		};
		527A5E0B24066E61004AB058 /* AVSOFT */ = {
			isa = PBXGroup;
			children = (
				52D8DCDD24408DCA002EE386 /* SignUpModule */,
				52D8DCD824407DA2002EE386 /* AuthenticationService */,
				5271008F242FDDBA00F04D5B /* LoginModule */,
				5267AC53242A49920043BB6C /* ObjectsReviewModule */,
				523A81122417C94E00430D04 /* ContainerModule */,
				523A811A2417E8DE00430D04 /* HomeModule */,
				525370BF240D0980006E8BF2 /* MenuModule */,
				5234F33F241180D700874EC9 /* ObjectsListModule */,
				52EC04D7241281A600D2C65A /* ObjectCreationModule */,
				522717F02420DE1D00DF1AAA /* ObjectEditingModule */,
				5234F34A241183E900874EC9 /* Storage */,
				527A5E0C24066E61004AB058 /* AppDelegate.swift */,
				527A5E0E24066E61004AB058 /* SceneDelegate.swift */,
				527A5E1224066E61004AB058 /* Main.storyboard */,
				527A5E1524066E61004AB058 /* Assets.xcassets */,
				527A5E1724066E61004AB058 /* LaunchScreen.storyboard */,
				527A5E1A24066E61004AB058 /* Info.plist */,
				52D8DCD524407C8C002EE386 /* SecurityInfoList.xcdatamodeld */,
			);
			path = AVSOFT;
			sourceTree = "<group>";
		};
		527A5E2224066E61004AB058 /* AVSOFTTests */ = {
			isa = PBXGroup;
			children = (
				527A5E2324066E61004AB058 /* AVSOFTTests.swift */,
				527A5E2524066E61004AB058 /* Info.plist */,
			);
			path = AVSOFTTests;
			sourceTree = "<group>";
		};
		52D8DCD824407DA2002EE386 /* AuthenticationService */ = {
			isa = PBXGroup;
			children = (
				52D8DCD924407DFB002EE386 /* AuthenticationService.swift */,
				52D8DCDB24407E0A002EE386 /* AuthenticationServiceAssembly.swift */,
			);
			path = AuthenticationService;
			sourceTree = "<group>";
		};
		52D8DCDD24408DCA002EE386 /* SignUpModule */ = {
			isa = PBXGroup;
			children = (
				52D8DCDE2440A260002EE386 /* Controller */,
				52D8DCE32440A461002EE386 /* SignUp.storyboard */,
			);
			path = SignUpModule;
			sourceTree = "<group>";
		};
		52D8DCDE2440A260002EE386 /* Controller */ = {
			isa = PBXGroup;
			children = (
				52D8DCDF2440A29C002EE386 /* SignUpViewController.swift */,
				52D8DCE12440A2B1002EE386 /* SignUpViewControllerAssembly.swift */,
			);
			path = Controller;
			sourceTree = "<group>";
		};
		52EC04D7241281A600D2C65A /* ObjectCreationModule */ = {
			isa = PBXGroup;
			children = (
				52EC04D82412868100D2C65A /* Model */,
				52EC04D92412868A00D2C65A /* Controller */,
			);
			path = ObjectCreationModule;
			sourceTree = "<group>";
		};
		52EC04D82412868100D2C65A /* Model */ = {
			isa = PBXGroup;
			children = (
				52EC04DA241286B300D2C65A /* ObjectCreationModel.swift */,
				52EC04DC241286D300D2C65A /* ObjectCreationModelAssembly.swift */,
				52CF2A31241FBCAF0079D082 /* PresentationObjectForCreation.swift */,
			);
			path = Model;
			sourceTree = "<group>";
		};
		52EC04D92412868A00D2C65A /* Controller */ = {
			isa = PBXGroup;
			children = (
				52EC04DE2412874300D2C65A /* ObjectCreationViewController.swift */,
				52042DF5241F8B4900945FD2 /* ObjectCreationViewCell.swift */,
				527B1DFD24422E5F00EB3BEF /* AttributeAddingViewCell.swift */,
				52EC04E02412876C00D2C65A /* ObjectCreationViewControllerAssembly.swift */,
			);
			path = Controller;
			sourceTree = "<group>";
		};
/* End PBXGroup section */

/* Begin PBXNativeTarget section */
		527A5E0824066E61004AB058 /* AVSOFT */ = {
			isa = PBXNativeTarget;
			buildConfigurationList = 527A5E2824066E61004AB058 /* Build configuration list for PBXNativeTarget "AVSOFT" */;
			buildPhases = (
				527A5E0524066E61004AB058 /* Sources */,
				527A5E0624066E61004AB058 /* Frameworks */,
				527A5E0724066E61004AB058 /* Resources */,
			);
			buildRules = (
			);
			dependencies = (
			);
			name = AVSOFT;
			productName = AVSOFT;
			productReference = 527A5E0924066E61004AB058 /* AVSOFT.app */;
			productType = "com.apple.product-type.application";
		};
		527A5E1E24066E61004AB058 /* AVSOFTTests */ = {
			isa = PBXNativeTarget;
			buildConfigurationList = 527A5E2B24066E61004AB058 /* Build configuration list for PBXNativeTarget "AVSOFTTests" */;
			buildPhases = (
				527A5E1B24066E61004AB058 /* Sources */,
				527A5E1C24066E61004AB058 /* Frameworks */,
				527A5E1D24066E61004AB058 /* Resources */,
			);
			buildRules = (
			);
			dependencies = (
				527A5E2124066E61004AB058 /* PBXTargetDependency */,
			);
			name = AVSOFTTests;
			productName = AVSOFTTests;
			productReference = 527A5E1F24066E61004AB058 /* AVSOFTTests.xctest */;
			productType = "com.apple.product-type.bundle.unit-test";
		};
/* End PBXNativeTarget section */

/* Begin PBXProject section */
		527A5E0124066E61004AB058 /* Project object */ = {
			isa = PBXProject;
			attributes = {
				LastSwiftUpdateCheck = 1120;
				LastUpgradeCheck = 1120;
				ORGANIZATIONNAME = "Daniil Girskiy";
				TargetAttributes = {
					527A5E0824066E61004AB058 = {
						CreatedOnToolsVersion = 11.2.1;
					};
					527A5E1E24066E61004AB058 = {
						CreatedOnToolsVersion = 11.2.1;
						TestTargetID = 527A5E0824066E61004AB058;
					};
				};
			};
			buildConfigurationList = 527A5E0424066E61004AB058 /* Build configuration list for PBXProject "AVSOFT" */;
			compatibilityVersion = "Xcode 9.3";
			developmentRegion = en;
			hasScannedForEncodings = 0;
			knownRegions = (
				en,
				Base,
			);
			mainGroup = 527A5E0024066E61004AB058;
			productRefGroup = 527A5E0A24066E61004AB058 /* Products */;
			projectDirPath = "";
			projectRoot = "";
			targets = (
				527A5E0824066E61004AB058 /* AVSOFT */,
				527A5E1E24066E61004AB058 /* AVSOFTTests */,
			);
		};
/* End PBXProject section */

/* Begin PBXResourcesBuildPhase section */
		527A5E0724066E61004AB058 /* Resources */ = {
			isa = PBXResourcesBuildPhase;
			buildActionMask = 2147483647;
			files = (
				527A5E1924066E61004AB058 /* LaunchScreen.storyboard in Resources */,
				527A5E1624066E61004AB058 /* Assets.xcassets in Resources */,
				527A5E1424066E61004AB058 /* Main.storyboard in Resources */,
				5244479724314C6B00C991A3 /* ObjectsReview.storyboard in Resources */,
				52D8DCE42440A461002EE386 /* SignUp.storyboard in Resources */,
			);
			runOnlyForDeploymentPostprocessing = 0;
		};
		527A5E1D24066E61004AB058 /* Resources */ = {
			isa = PBXResourcesBuildPhase;
			buildActionMask = 2147483647;
			files = (
			);
			runOnlyForDeploymentPostprocessing = 0;
		};
/* End PBXResourcesBuildPhase section */

/* Begin PBXSourcesBuildPhase section */
		527A5E0524066E61004AB058 /* Sources */ = {
			isa = PBXSourcesBuildPhase;
			buildActionMask = 2147483647;
			files = (
				52042DF6241F8B4900945FD2 /* ObjectCreationViewCell.swift in Sources */,
				522717F92420E0C400DF1AAA /* ObjectEditingViewController.swift in Sources */,
				5263601C2409332800BDDA1A /* MenuOption.swift in Sources */,
				5267AC58242A4A7B0043BB6C /* ObjectsReviewViewController.swift in Sources */,
				52CF2A32241FBCAF0079D082 /* PresentationObjectForCreation.swift in Sources */,
				52EC04DB241286B300D2C65A /* ObjectCreationModel.swift in Sources */,
				522717F52420E06500DF1AAA /* ObjectEditingModel.swift in Sources */,
				522717FB2420E10900DF1AAA /* ObjectEditingViewControllerAssembly.swift in Sources */,
				527A5E2F24066FA7004AB058 /* LoginViewController.swift in Sources */,
				5267AC5E242A4AB60043BB6C /* ObjectsReviewModelAssembly.swift in Sources */,
				523A81162417D56000430D04 /* ContainerRouter.swift in Sources */,
				5267AC5A242A4A910043BB6C /* ObjectsReviewViewControllerAssembly.swift in Sources */,
				52229419243216D300EF1908 /* ObjectsReviewHeaderCell.swift in Sources */,
				5267AC60242A4AF90043BB6C /* ObjectsReviewRouter.swift in Sources */,
				5234F3452411819B00874EC9 /* ObjectsListModelAssembly.swift in Sources */,
				52E1FD7D243C831B00665845 /* TopView.swift in Sources */,
				52EC04DD241286D300D2C65A /* ObjectCreationModelAssembly.swift in Sources */,
				52710096242FDE2700F04D5B /* LoginRouter.swift in Sources */,
				5234F3432411818200874EC9 /* ObjectsListModel.swift in Sources */,
				52EC04E12412876C00D2C65A /* ObjectCreationViewControllerAssembly.swift in Sources */,
				5234F34C2411845200874EC9 /* Storage.swift in Sources */,
				52EC04D524126B1400D2C65A /* MenuViewControllerAssembly.swift in Sources */,
				52710094242FDE1100F04D5B /* LoginViewControllerAssembly.swift in Sources */,
				526FC06924312E4700CB93BD /* ObjectsReviewCell.swift in Sources */,
				52D8DCD724407C8C002EE386 /* SecurityInfoList.xcdatamodeld in Sources */,
				52D5FF032409194E001B570B /* MenuTableCell.swift in Sources */,
				527A5E352406DFC5004AB058 /* MenuViewController.swift in Sources */,
				527A5E0D24066E61004AB058 /* AppDelegate.swift in Sources */,
				5234F3502411881000874EC9 /* PresentationObjectForList.swift in Sources */,
				5234F3492411825B00874EC9 /* ObjectsListViewControllerAssembly.swift in Sources */,
				52D8DCE22440A2B1002EE386 /* SignUpViewControllerAssembly.swift in Sources */,
				522294172431EF7300EF1908 /* PresentationObjectsInformation.swift in Sources */,
				52EC04D324126AAA00D2C65A /* HomeViewControllerAssembly.swift in Sources */,
				527A5E332406DFAB004AB058 /* ContainerViewController.swift in Sources */,
				523A81192417DD4700430D04 /* ObjectsListRouter.swift in Sources */,
				522717FD2420EEE100DF1AAA /* ObjectEditingViewCell.swift in Sources */,
				52EC04DF2412874300D2C65A /* ObjectCreationViewController.swift in Sources */,
				5234F354241196F500874EC9 /* ObjectsListCell.swift in Sources */,
				52EC04D12412673700D2C65A /* ContainerViewControllerAssembly.swift in Sources */,
				527A5E0F24066E61004AB058 /* SceneDelegate.swift in Sources */,
				5267AC5C242A4AA80043BB6C /* ObjectsReviewModel.swift in Sources */,
				527A5E312406DEEC004AB058 /* HomeViewController.swift in Sources */,
				522717F72420E08200DF1AAA /* ObjectEditingModelAssembly.swift in Sources */,
				52D8DCE02440A29C002EE386 /* SignUpViewController.swift in Sources */,
				5234F3472411823E00874EC9 /* ObjectsListViewController.swift in Sources */,
				5234F35224118AB200874EC9 /* StorageObject.swift in Sources */,
				527B1DFE24422E5F00EB3BEF /* AttributeAddingViewCell.swift in Sources */,
				52D8DCDC24407E0A002EE386 /* AuthenticationServiceAssembly.swift in Sources */,
				5234F34E2411846300874EC9 /* StorageAssembly.swift in Sources */,
				52D8DCDA24407DFB002EE386 /* AuthenticationService.swift in Sources */,
			);
			runOnlyForDeploymentPostprocessing = 0;
		};
		527A5E1B24066E61004AB058 /* Sources */ = {
			isa = PBXSourcesBuildPhase;
			buildActionMask = 2147483647;
			files = (
				527A5E2424066E61004AB058 /* AVSOFTTests.swift in Sources */,
			);
			runOnlyForDeploymentPostprocessing = 0;
		};
/* End PBXSourcesBuildPhase section */

/* Begin PBXTargetDependency section */
		527A5E2124066E61004AB058 /* PBXTargetDependency */ = {
			isa = PBXTargetDependency;
			target = 527A5E0824066E61004AB058 /* AVSOFT */;
			targetProxy = 527A5E2024066E61004AB058 /* PBXContainerItemProxy */;
		};
/* End PBXTargetDependency section */

/* Begin PBXVariantGroup section */
		527A5E1224066E61004AB058 /* Main.storyboard */ = {
			isa = PBXVariantGroup;
			children = (
				527A5E1324066E61004AB058 /* Base */,
			);
			name = Main.storyboard;
			sourceTree = "<group>";
		};
		527A5E1724066E61004AB058 /* LaunchScreen.storyboard */ = {
			isa = PBXVariantGroup;
			children = (
				527A5E1824066E61004AB058 /* Base */,
			);
			name = LaunchScreen.storyboard;
			sourceTree = "<group>";
		};
/* End PBXVariantGroup section */

/* Begin XCBuildConfiguration section */
		527A5E2624066E61004AB058 /* Debug */ = {
			isa = XCBuildConfiguration;
			buildSettings = {
				ALWAYS_SEARCH_USER_PATHS = NO;
				CLANG_ANALYZER_NONNULL = YES;
				CLANG_ANALYZER_NUMBER_OBJECT_CONVERSION = YES_AGGRESSIVE;
				CLANG_CXX_LANGUAGE_STANDARD = "gnu++14";
				CLANG_CXX_LIBRARY = "libc++";
				CLANG_ENABLE_MODULES = YES;
				CLANG_ENABLE_OBJC_ARC = YES;
				CLANG_ENABLE_OBJC_WEAK = YES;
				CLANG_WARN_BLOCK_CAPTURE_AUTORELEASING = YES;
				CLANG_WARN_BOOL_CONVERSION = YES;
				CLANG_WARN_COMMA = YES;
				CLANG_WARN_CONSTANT_CONVERSION = YES;
				CLANG_WARN_DEPRECATED_OBJC_IMPLEMENTATIONS = YES;
				CLANG_WARN_DIRECT_OBJC_ISA_USAGE = YES_ERROR;
				CLANG_WARN_DOCUMENTATION_COMMENTS = YES;
				CLANG_WARN_EMPTY_BODY = YES;
				CLANG_WARN_ENUM_CONVERSION = YES;
				CLANG_WARN_INFINITE_RECURSION = YES;
				CLANG_WARN_INT_CONVERSION = YES;
				CLANG_WARN_NON_LITERAL_NULL_CONVERSION = YES;
				CLANG_WARN_OBJC_IMPLICIT_RETAIN_SELF = YES;
				CLANG_WARN_OBJC_LITERAL_CONVERSION = YES;
				CLANG_WARN_OBJC_ROOT_CLASS = YES_ERROR;
				CLANG_WARN_RANGE_LOOP_ANALYSIS = YES;
				CLANG_WARN_STRICT_PROTOTYPES = YES;
				CLANG_WARN_SUSPICIOUS_MOVE = YES;
				CLANG_WARN_UNGUARDED_AVAILABILITY = YES_AGGRESSIVE;
				CLANG_WARN_UNREACHABLE_CODE = YES;
				CLANG_WARN__DUPLICATE_METHOD_MATCH = YES;
				COPY_PHASE_STRIP = NO;
				DEBUG_INFORMATION_FORMAT = dwarf;
				ENABLE_STRICT_OBJC_MSGSEND = YES;
				ENABLE_TESTABILITY = YES;
				GCC_C_LANGUAGE_STANDARD = gnu11;
				GCC_DYNAMIC_NO_PIC = NO;
				GCC_NO_COMMON_BLOCKS = YES;
				GCC_OPTIMIZATION_LEVEL = 0;
				GCC_PREPROCESSOR_DEFINITIONS = (
					"DEBUG=1",
					"$(inherited)",
				);
				GCC_WARN_64_TO_32_BIT_CONVERSION = YES;
				GCC_WARN_ABOUT_RETURN_TYPE = YES_ERROR;
				GCC_WARN_UNDECLARED_SELECTOR = YES;
				GCC_WARN_UNINITIALIZED_AUTOS = YES_AGGRESSIVE;
				GCC_WARN_UNUSED_FUNCTION = YES;
				GCC_WARN_UNUSED_VARIABLE = YES;
				IPHONEOS_DEPLOYMENT_TARGET = 13.2;
				MTL_ENABLE_DEBUG_INFO = INCLUDE_SOURCE;
				MTL_FAST_MATH = YES;
				ONLY_ACTIVE_ARCH = YES;
				SDKROOT = iphoneos;
				SWIFT_ACTIVE_COMPILATION_CONDITIONS = DEBUG;
				SWIFT_OPTIMIZATION_LEVEL = "-Onone";
			};
			name = Debug;
		};
		527A5E2724066E61004AB058 /* Release */ = {
			isa = XCBuildConfiguration;
			buildSettings = {
				ALWAYS_SEARCH_USER_PATHS = NO;
				CLANG_ANALYZER_NONNULL = YES;
				CLANG_ANALYZER_NUMBER_OBJECT_CONVERSION = YES_AGGRESSIVE;
				CLANG_CXX_LANGUAGE_STANDARD = "gnu++14";
				CLANG_CXX_LIBRARY = "libc++";
				CLANG_ENABLE_MODULES = YES;
				CLANG_ENABLE_OBJC_ARC = YES;
				CLANG_ENABLE_OBJC_WEAK = YES;
				CLANG_WARN_BLOCK_CAPTURE_AUTORELEASING = YES;
				CLANG_WARN_BOOL_CONVERSION = YES;
				CLANG_WARN_COMMA = YES;
				CLANG_WARN_CONSTANT_CONVERSION = YES;
				CLANG_WARN_DEPRECATED_OBJC_IMPLEMENTATIONS = YES;
				CLANG_WARN_DIRECT_OBJC_ISA_USAGE = YES_ERROR;
				CLANG_WARN_DOCUMENTATION_COMMENTS = YES;
				CLANG_WARN_EMPTY_BODY = YES;
				CLANG_WARN_ENUM_CONVERSION = YES;
				CLANG_WARN_INFINITE_RECURSION = YES;
				CLANG_WARN_INT_CONVERSION = YES;
				CLANG_WARN_NON_LITERAL_NULL_CONVERSION = YES;
				CLANG_WARN_OBJC_IMPLICIT_RETAIN_SELF = YES;
				CLANG_WARN_OBJC_LITERAL_CONVERSION = YES;
				CLANG_WARN_OBJC_ROOT_CLASS = YES_ERROR;
				CLANG_WARN_RANGE_LOOP_ANALYSIS = YES;
				CLANG_WARN_STRICT_PROTOTYPES = YES;
				CLANG_WARN_SUSPICIOUS_MOVE = YES;
				CLANG_WARN_UNGUARDED_AVAILABILITY = YES_AGGRESSIVE;
				CLANG_WARN_UNREACHABLE_CODE = YES;
				CLANG_WARN__DUPLICATE_METHOD_MATCH = YES;
				COPY_PHASE_STRIP = NO;
				DEBUG_INFORMATION_FORMAT = "dwarf-with-dsym";
				ENABLE_NS_ASSERTIONS = NO;
				ENABLE_STRICT_OBJC_MSGSEND = YES;
				GCC_C_LANGUAGE_STANDARD = gnu11;
				GCC_NO_COMMON_BLOCKS = YES;
				GCC_WARN_64_TO_32_BIT_CONVERSION = YES;
				GCC_WARN_ABOUT_RETURN_TYPE = YES_ERROR;
				GCC_WARN_UNDECLARED_SELECTOR = YES;
				GCC_WARN_UNINITIALIZED_AUTOS = YES_AGGRESSIVE;
				GCC_WARN_UNUSED_FUNCTION = YES;
				GCC_WARN_UNUSED_VARIABLE = YES;
				IPHONEOS_DEPLOYMENT_TARGET = 13.2;
				MTL_ENABLE_DEBUG_INFO = NO;
				MTL_FAST_MATH = YES;
				SDKROOT = iphoneos;
				SWIFT_COMPILATION_MODE = wholemodule;
				SWIFT_OPTIMIZATION_LEVEL = "-O";
				VALIDATE_PRODUCT = YES;
			};
			name = Release;
		};
		527A5E2924066E61004AB058 /* Debug */ = {
			isa = XCBuildConfiguration;
			buildSettings = {
				ASSETCATALOG_COMPILER_APPICON_NAME = AppIcon;
				CODE_SIGN_STYLE = Automatic;
				DEVELOPMENT_TEAM = 3433PCN6JL;
				INFOPLIST_FILE = AVSOFT/Info.plist;
				LD_RUNPATH_SEARCH_PATHS = (
					"$(inherited)",
					"@executable_path/Frameworks",
				);
				PRODUCT_BUNDLE_IDENTIFIER = com.daniilgirskiy.AVSOFT;
				PRODUCT_NAME = "$(TARGET_NAME)";
				SWIFT_VERSION = 5.0;
				TARGETED_DEVICE_FAMILY = "1,2";
			};
			name = Debug;
		};
		527A5E2A24066E61004AB058 /* Release */ = {
			isa = XCBuildConfiguration;
			buildSettings = {
				ASSETCATALOG_COMPILER_APPICON_NAME = AppIcon;
				CODE_SIGN_STYLE = Automatic;
				DEVELOPMENT_TEAM = 3433PCN6JL;
				INFOPLIST_FILE = AVSOFT/Info.plist;
				LD_RUNPATH_SEARCH_PATHS = (
					"$(inherited)",
					"@executable_path/Frameworks",
				);
				PRODUCT_BUNDLE_IDENTIFIER = com.daniilgirskiy.AVSOFT;
				PRODUCT_NAME = "$(TARGET_NAME)";
				SWIFT_VERSION = 5.0;
				TARGETED_DEVICE_FAMILY = "1,2";
			};
			name = Release;
		};
		527A5E2C24066E61004AB058 /* Debug */ = {
			isa = XCBuildConfiguration;
			buildSettings = {
				ALWAYS_EMBED_SWIFT_STANDARD_LIBRARIES = YES;
				BUNDLE_LOADER = "$(TEST_HOST)";
				CODE_SIGN_STYLE = Automatic;
				DEVELOPMENT_TEAM = 3433PCN6JL;
				INFOPLIST_FILE = AVSOFTTests/Info.plist;
				IPHONEOS_DEPLOYMENT_TARGET = 13.2;
				LD_RUNPATH_SEARCH_PATHS = (
					"$(inherited)",
					"@executable_path/Frameworks",
					"@loader_path/Frameworks",
				);
				PRODUCT_BUNDLE_IDENTIFIER = com.daniilgirskiy.AVSOFTTests;
				PRODUCT_NAME = "$(TARGET_NAME)";
				SWIFT_VERSION = 5.0;
				TARGETED_DEVICE_FAMILY = "1,2";
				TEST_HOST = "$(BUILT_PRODUCTS_DIR)/AVSOFT.app/AVSOFT";
			};
			name = Debug;
		};
		527A5E2D24066E61004AB058 /* Release */ = {
			isa = XCBuildConfiguration;
			buildSettings = {
				ALWAYS_EMBED_SWIFT_STANDARD_LIBRARIES = YES;
				BUNDLE_LOADER = "$(TEST_HOST)";
				CODE_SIGN_STYLE = Automatic;
				DEVELOPMENT_TEAM = 3433PCN6JL;
				INFOPLIST_FILE = AVSOFTTests/Info.plist;
				IPHONEOS_DEPLOYMENT_TARGET = 13.2;
				LD_RUNPATH_SEARCH_PATHS = (
					"$(inherited)",
					"@executable_path/Frameworks",
					"@loader_path/Frameworks",
				);
				PRODUCT_BUNDLE_IDENTIFIER = com.daniilgirskiy.AVSOFTTests;
				PRODUCT_NAME = "$(TARGET_NAME)";
				SWIFT_VERSION = 5.0;
				TARGETED_DEVICE_FAMILY = "1,2";
				TEST_HOST = "$(BUILT_PRODUCTS_DIR)/AVSOFT.app/AVSOFT";
			};
			name = Release;
		};
/* End XCBuildConfiguration section */

/* Begin XCConfigurationList section */
		527A5E0424066E61004AB058 /* Build configuration list for PBXProject "AVSOFT" */ = {
			isa = XCConfigurationList;
			buildConfigurations = (
				527A5E2624066E61004AB058 /* Debug */,
				527A5E2724066E61004AB058 /* Release */,
			);
			defaultConfigurationIsVisible = 0;
			defaultConfigurationName = Release;
		};
		527A5E2824066E61004AB058 /* Build configuration list for PBXNativeTarget "AVSOFT" */ = {
			isa = XCConfigurationList;
			buildConfigurations = (
				527A5E2924066E61004AB058 /* Debug */,
				527A5E2A24066E61004AB058 /* Release */,
			);
			defaultConfigurationIsVisible = 0;
			defaultConfigurationName = Release;
		};
		527A5E2B24066E61004AB058 /* Build configuration list for PBXNativeTarget "AVSOFTTests" */ = {
			isa = XCConfigurationList;
			buildConfigurations = (
				527A5E2C24066E61004AB058 /* Debug */,
				527A5E2D24066E61004AB058 /* Release */,
			);
			defaultConfigurationIsVisible = 0;
			defaultConfigurationName = Release;
		};
/* End XCConfigurationList section */

/* Begin XCVersionGroup section */
		52D8DCD524407C8C002EE386 /* SecurityInfoList.xcdatamodeld */ = {
			isa = XCVersionGroup;
			children = (
				52D8DCD624407C8C002EE386 /* SecurityInfoList.xcdatamodel */,
			);
			currentVersion = 52D8DCD624407C8C002EE386 /* SecurityInfoList.xcdatamodel */;
			path = SecurityInfoList.xcdatamodeld;
			sourceTree = "<group>";
			versionGroupType = wrapper.xcdatamodel;
		};
/* End XCVersionGroup section */
	};
	rootObject = 527A5E0124066E61004AB058 /* Project object */;
}
